// !$*UTF8*$!
{
	archiveVersion = 1;
	classes = {
	};
	objectVersion = 46;
	objects = {

/* Begin PBXBuildFile section */
		474EF4C519343833001F5146 /* PropertyDtlViewController.m in Sources */ = {isa = PBXBuildFile; fileRef = 474EF4C419343833001F5146 /* PropertyDtlViewController.m */; };
		47E0ABF51932B2EA0070A4BA /* Foundation.framework in Frameworks */ = {isa = PBXBuildFile; fileRef = 47E0ABF41932B2EA0070A4BA /* Foundation.framework */; };
		47E0ABF71932B2EA0070A4BA /* CoreGraphics.framework in Frameworks */ = {isa = PBXBuildFile; fileRef = 47E0ABF61932B2EA0070A4BA /* CoreGraphics.framework */; };
		47E0ABF91932B2EA0070A4BA /* UIKit.framework in Frameworks */ = {isa = PBXBuildFile; fileRef = 47E0ABF81932B2EA0070A4BA /* UIKit.framework */; };
		47E0ABFF1932B2EA0070A4BA /* InfoPlist.strings in Resources */ = {isa = PBXBuildFile; fileRef = 47E0ABFD1932B2EA0070A4BA /* InfoPlist.strings */; };
		47E0AC011932B2EA0070A4BA /* main.m in Sources */ = {isa = PBXBuildFile; fileRef = 47E0AC001932B2EA0070A4BA /* main.m */; };
		47E0AC051932B2EA0070A4BA /* AppDelegate.m in Sources */ = {isa = PBXBuildFile; fileRef = 47E0AC041932B2EA0070A4BA /* AppDelegate.m */; };
		47E0AC081932B2EA0070A4BA /* Main.storyboard in Resources */ = {isa = PBXBuildFile; fileRef = 47E0AC061932B2EA0070A4BA /* Main.storyboard */; };
		47E0AC0B1932B2EA0070A4BA /* ViewController.m in Sources */ = {isa = PBXBuildFile; fileRef = 47E0AC0A1932B2EA0070A4BA /* ViewController.m */; };
		47E0AC0D1932B2EA0070A4BA /* Images.xcassets in Resources */ = {isa = PBXBuildFile; fileRef = 47E0AC0C1932B2EA0070A4BA /* Images.xcassets */; };
		47E0AC141932B2EA0070A4BA /* XCTest.framework in Frameworks */ = {isa = PBXBuildFile; fileRef = 47E0AC131932B2EA0070A4BA /* XCTest.framework */; };
		47E0AC151932B2EA0070A4BA /* Foundation.framework in Frameworks */ = {isa = PBXBuildFile; fileRef = 47E0ABF41932B2EA0070A4BA /* Foundation.framework */; };
		47E0AC161932B2EA0070A4BA /* UIKit.framework in Frameworks */ = {isa = PBXBuildFile; fileRef = 47E0ABF81932B2EA0070A4BA /* UIKit.framework */; };
		47E0AC1E1932B2EA0070A4BA /* InfoPlist.strings in Resources */ = {isa = PBXBuildFile; fileRef = 47E0AC1C1932B2EA0070A4BA /* InfoPlist.strings */; };
		47E0AC201932B2EA0070A4BA /* MileTrackerTests.m in Sources */ = {isa = PBXBuildFile; fileRef = 47E0AC1F1932B2EA0070A4BA /* MileTrackerTests.m */; };
		47E0AC2C1932B8E80070A4BA /* Property.m in Sources */ = {isa = PBXBuildFile; fileRef = 47E0AC2B1932B8E80070A4BA /* Property.m */; };
		47E0AC301932BB230070A4BA /* PropertySvcCache.m in Sources */ = {isa = PBXBuildFile; fileRef = 47E0AC2F1932BB230070A4BA /* PropertySvcCache.m */; };
		47F50F38193C17F000718494 /* PropertyController.m in Sources */ = {isa = PBXBuildFile; fileRef = 47F50F37193C17F000718494 /* PropertyController.m */; };
/* End PBXBuildFile section */

/* Begin PBXContainerItemProxy section */
		47E0AC171932B2EA0070A4BA /* PBXContainerItemProxy */ = {
			isa = PBXContainerItemProxy;
			containerPortal = 47E0ABE91932B2EA0070A4BA /* Project object */;
			proxyType = 1;
			remoteGlobalIDString = 47E0ABF01932B2EA0070A4BA;
			remoteInfo = MileTracker;
		};
/* End PBXContainerItemProxy section */

/* Begin PBXFileReference section */
		474EF4C319343833001F5146 /* PropertyDtlViewController.h */ = {isa = PBXFileReference; fileEncoding = 4; lastKnownFileType = sourcecode.c.h; name = PropertyDtlViewController.h; path = ../PropertyDtlViewController.h; sourceTree = "<group>"; };
		474EF4C419343833001F5146 /* PropertyDtlViewController.m */ = {isa = PBXFileReference; fileEncoding = 4; lastKnownFileType = sourcecode.c.objc; name = PropertyDtlViewController.m; path = ../PropertyDtlViewController.m; sourceTree = "<group>"; };
		47E0ABF11932B2EA0070A4BA /* MileTracker.app */ = {isa = PBXFileReference; explicitFileType = wrapper.application; includeInIndex = 0; path = MileTracker.app; sourceTree = BUILT_PRODUCTS_DIR; };
		47E0ABF41932B2EA0070A4BA /* Foundation.framework */ = {isa = PBXFileReference; lastKnownFileType = wrapper.framework; name = Foundation.framework; path = System/Library/Frameworks/Foundation.framework; sourceTree = SDKROOT; };
		47E0ABF61932B2EA0070A4BA /* CoreGraphics.framework */ = {isa = PBXFileReference; lastKnownFileType = wrapper.framework; name = CoreGraphics.framework; path = System/Library/Frameworks/CoreGraphics.framework; sourceTree = SDKROOT; };
		47E0ABF81932B2EA0070A4BA /* UIKit.framework */ = {isa = PBXFileReference; lastKnownFileType = wrapper.framework; name = UIKit.framework; path = System/Library/Frameworks/UIKit.framework; sourceTree = SDKROOT; };
		47E0ABFC1932B2EA0070A4BA /* MileTracker-Info.plist */ = {isa = PBXFileReference; lastKnownFileType = text.plist.xml; path = "MileTracker-Info.plist"; sourceTree = "<group>"; };
		47E0ABFE1932B2EA0070A4BA /* en */ = {isa = PBXFileReference; lastKnownFileType = text.plist.strings; name = en; path = en.lproj/InfoPlist.strings; sourceTree = "<group>"; };
		47E0AC001932B2EA0070A4BA /* main.m */ = {isa = PBXFileReference; lastKnownFileType = sourcecode.c.objc; path = main.m; sourceTree = "<group>"; };
		47E0AC021932B2EA0070A4BA /* MileTracker-Prefix.pch */ = {isa = PBXFileReference; lastKnownFileType = sourcecode.c.h; path = "MileTracker-Prefix.pch"; sourceTree = "<group>"; };
		47E0AC031932B2EA0070A4BA /* AppDelegate.h */ = {isa = PBXFileReference; lastKnownFileType = sourcecode.c.h; path = AppDelegate.h; sourceTree = "<group>"; };
		47E0AC041932B2EA0070A4BA /* AppDelegate.m */ = {isa = PBXFileReference; lastKnownFileType = sourcecode.c.objc; path = AppDelegate.m; sourceTree = "<group>"; };
		47E0AC071932B2EA0070A4BA /* Base */ = {isa = PBXFileReference; lastKnownFileType = file.storyboard; name = Base; path = Base.lproj/Main.storyboard; sourceTree = "<group>"; };
		47E0AC091932B2EA0070A4BA /* ViewController.h */ = {isa = PBXFileReference; lastKnownFileType = sourcecode.c.h; path = ViewController.h; sourceTree = "<group>"; };
		47E0AC0A1932B2EA0070A4BA /* ViewController.m */ = {isa = PBXFileReference; lastKnownFileType = sourcecode.c.objc; path = ViewController.m; sourceTree = "<group>"; };
		47E0AC0C1932B2EA0070A4BA /* Images.xcassets */ = {isa = PBXFileReference; lastKnownFileType = folder.assetcatalog; path = Images.xcassets; sourceTree = "<group>"; };
		47E0AC121932B2EA0070A4BA /* MileTrackerTests.xctest */ = {isa = PBXFileReference; explicitFileType = wrapper.cfbundle; includeInIndex = 0; path = MileTrackerTests.xctest; sourceTree = BUILT_PRODUCTS_DIR; };
		47E0AC131932B2EA0070A4BA /* XCTest.framework */ = {isa = PBXFileReference; lastKnownFileType = wrapper.framework; name = XCTest.framework; path = Library/Frameworks/XCTest.framework; sourceTree = DEVELOPER_DIR; };
		47E0AC1B1932B2EA0070A4BA /* MileTrackerTests-Info.plist */ = {isa = PBXFileReference; lastKnownFileType = text.plist.xml; path = "MileTrackerTests-Info.plist"; sourceTree = "<group>"; };
		47E0AC1D1932B2EA0070A4BA /* en */ = {isa = PBXFileReference; lastKnownFileType = text.plist.strings; name = en; path = en.lproj/InfoPlist.strings; sourceTree = "<group>"; };
		47E0AC1F1932B2EA0070A4BA /* MileTrackerTests.m */ = {isa = PBXFileReference; lastKnownFileType = sourcecode.c.objc; path = MileTrackerTests.m; sourceTree = "<group>"; };
		47E0AC2A1932B8E80070A4BA /* Property.h */ = {isa = PBXFileReference; fileEncoding = 4; lastKnownFileType = sourcecode.c.h; path = Property.h; sourceTree = "<group>"; };
		47E0AC2B1932B8E80070A4BA /* Property.m */ = {isa = PBXFileReference; fileEncoding = 4; lastKnownFileType = sourcecode.c.objc; path = Property.m; sourceTree = "<group>"; };
		47E0AC2D1932BA020070A4BA /* PropertySvc.h */ = {isa = PBXFileReference; lastKnownFileType = sourcecode.c.h; path = PropertySvc.h; sourceTree = "<group>"; };
		47E0AC2E1932BB230070A4BA /* PropertySvcCache.h */ = {isa = PBXFileReference; fileEncoding = 4; lastKnownFileType = sourcecode.c.h; path = PropertySvcCache.h; sourceTree = "<group>"; };
		47E0AC2F1932BB230070A4BA /* PropertySvcCache.m */ = {isa = PBXFileReference; fileEncoding = 4; lastKnownFileType = sourcecode.c.objc; path = PropertySvcCache.m; sourceTree = "<group>"; };
		47F50F36193C17F000718494 /* PropertyController.h */ = {isa = PBXFileReference; fileEncoding = 4; lastKnownFileType = sourcecode.c.h; path = PropertyController.h; sourceTree = "<group>"; };
		47F50F37193C17F000718494 /* PropertyController.m */ = {isa = PBXFileReference; fileEncoding = 4; lastKnownFileType = sourcecode.c.objc; path = PropertyController.m; sourceTree = "<group>"; };
/* End PBXFileReference section */

/* Begin PBXFrameworksBuildPhase section */
		47E0ABEE1932B2EA0070A4BA /* Frameworks */ = {
			isa = PBXFrameworksBuildPhase;
			buildActionMask = 2147483647;
			files = (
				47E0ABF71932B2EA0070A4BA /* CoreGraphics.framework in Frameworks */,
				47E0ABF91932B2EA0070A4BA /* UIKit.framework in Frameworks */,
				47E0ABF51932B2EA0070A4BA /* Foundation.framework in Frameworks */,
			);
			runOnlyForDeploymentPostprocessing = 0;
		};
		47E0AC0F1932B2EA0070A4BA /* Frameworks */ = {
			isa = PBXFrameworksBuildPhase;
			buildActionMask = 2147483647;
			files = (
				47E0AC141932B2EA0070A4BA /* XCTest.framework in Frameworks */,
				47E0AC161932B2EA0070A4BA /* UIKit.framework in Frameworks */,
				47E0AC151932B2EA0070A4BA /* Foundation.framework in Frameworks */,
			);
			runOnlyForDeploymentPostprocessing = 0;
		};
/* End PBXFrameworksBuildPhase section */

/* Begin PBXGroup section */
		47E0ABE81932B2EA0070A4BA = {
			isa = PBXGroup;
			children = (
				47E0ABFA1932B2EA0070A4BA /* MileTracker */,
				47E0AC191932B2EA0070A4BA /* MileTrackerTests */,
				47E0ABF31932B2EA0070A4BA /* Frameworks */,
				47E0ABF21932B2EA0070A4BA /* Products */,
			);
			sourceTree = "<group>";
		};
		47E0ABF21932B2EA0070A4BA /* Products */ = {
			isa = PBXGroup;
			children = (
				47E0ABF11932B2EA0070A4BA /* MileTracker.app */,
				47E0AC121932B2EA0070A4BA /* MileTrackerTests.xctest */,
			);
			name = Products;
			sourceTree = "<group>";
		};
		47E0ABF31932B2EA0070A4BA /* Frameworks */ = {
			isa = PBXGroup;
			children = (
				47E0ABF41932B2EA0070A4BA /* Foundation.framework */,
				47E0ABF61932B2EA0070A4BA /* CoreGraphics.framework */,
				47E0ABF81932B2EA0070A4BA /* UIKit.framework */,
				47E0AC131932B2EA0070A4BA /* XCTest.framework */,
			);
			name = Frameworks;
			sourceTree = "<group>";
		};
		47E0ABFA1932B2EA0070A4BA /* MileTracker */ = {
			isa = PBXGroup;
			children = (
				47E0AC291932B8BB0070A4BA /* Model */,
				47E0AC031932B2EA0070A4BA /* AppDelegate.h */,
				474EF4C319343833001F5146 /* PropertyDtlViewController.h */,
				474EF4C419343833001F5146 /* PropertyDtlViewController.m */,
				47E0AC061932B2EA0070A4BA /* Main.storyboard */,
				47F50F36193C17F000718494 /* PropertyController.h */,
				47F50F37193C17F000718494 /* PropertyController.m */,
				47E0AC091932B2EA0070A4BA /* ViewController.h */,
				47E0AC0A1932B2EA0070A4BA /* ViewController.m */,
				47E0AC0C1932B2EA0070A4BA /* Images.xcassets */,
				47E0ABFB1932B2EA0070A4BA /* Supporting Files */,
			);
			path = MileTracker;
			sourceTree = "<group>";
		};
		47E0ABFB1932B2EA0070A4BA /* Supporting Files */ = {
			isa = PBXGroup;
			children = (
				47E0ABFC1932B2EA0070A4BA /* MileTracker-Info.plist */,
				47E0ABFD1932B2EA0070A4BA /* InfoPlist.strings */,
				47E0AC001932B2EA0070A4BA /* main.m */,
				47E0AC021932B2EA0070A4BA /* MileTracker-Prefix.pch */,
			);
			name = "Supporting Files";
			sourceTree = "<group>";
		};
		47E0AC191932B2EA0070A4BA /* MileTrackerTests */ = {
			isa = PBXGroup;
			children = (
				47E0AC1F1932B2EA0070A4BA /* MileTrackerTests.m */,
				47E0AC1A1932B2EA0070A4BA /* Supporting Files */,
			);
			path = MileTrackerTests;
			sourceTree = "<group>";
		};
		47E0AC1A1932B2EA0070A4BA /* Supporting Files */ = {
			isa = PBXGroup;
			children = (
				47E0AC1B1932B2EA0070A4BA /* MileTrackerTests-Info.plist */,
				47E0AC1C1932B2EA0070A4BA /* InfoPlist.strings */,
			);
			name = "Supporting Files";
			sourceTree = "<group>";
		};
		47E0AC291932B8BB0070A4BA /* Model */ = {
			isa = PBXGroup;
			children = (
				47E0AC2A1932B8E80070A4BA /* Property.h */,
				47E0AC2B1932B8E80070A4BA /* Property.m */,
				47E0AC2D1932BA020070A4BA /* PropertySvc.h */,
				47E0AC2E1932BB230070A4BA /* PropertySvcCache.h */,
				47E0AC2F1932BB230070A4BA /* PropertySvcCache.m */,
				47E0AC041932B2EA0070A4BA /* AppDelegate.m */,
			);
			name = Model;
			sourceTree = "<group>";
		};
/* End PBXGroup section */

/* Begin PBXNativeTarget section */
		47E0ABF01932B2EA0070A4BA /* MileTracker */ = {
			isa = PBXNativeTarget;
			buildConfigurationList = 47E0AC231932B2EA0070A4BA /* Build configuration list for PBXNativeTarget "MileTracker" */;
			buildPhases = (
				47E0ABED1932B2EA0070A4BA /* Sources */,
				47E0ABEE1932B2EA0070A4BA /* Frameworks */,
				47E0ABEF1932B2EA0070A4BA /* Resources */,
			);
			buildRules = (
			);
			dependencies = (
			);
			name = MileTracker;
			productName = MileTracker;
			productReference = 47E0ABF11932B2EA0070A4BA /* MileTracker.app */;
			productType = "com.apple.product-type.application";
		};
		47E0AC111932B2EA0070A4BA /* MileTrackerTests */ = {
			isa = PBXNativeTarget;
			buildConfigurationList = 47E0AC261932B2EA0070A4BA /* Build configuration list for PBXNativeTarget "MileTrackerTests" */;
			buildPhases = (
				47E0AC0E1932B2EA0070A4BA /* Sources */,
				47E0AC0F1932B2EA0070A4BA /* Frameworks */,
				47E0AC101932B2EA0070A4BA /* Resources */,
			);
			buildRules = (
			);
			dependencies = (
				47E0AC181932B2EA0070A4BA /* PBXTargetDependency */,
			);
			name = MileTrackerTests;
			productName = MileTrackerTests;
			productReference = 47E0AC121932B2EA0070A4BA /* MileTrackerTests.xctest */;
			productType = "com.apple.product-type.bundle.unit-test";
		};
/* End PBXNativeTarget section */

/* Begin PBXProject section */
		47E0ABE91932B2EA0070A4BA /* Project object */ = {
			isa = PBXProject;
			attributes = {
				LastUpgradeCheck = 0510;
				ORGANIZATIONNAME = MSSE650;
				TargetAttributes = {
					47E0AC111932B2EA0070A4BA = {
						TestTargetID = 47E0ABF01932B2EA0070A4BA;
					};
				};
			};
			buildConfigurationList = 47E0ABEC1932B2EA0070A4BA /* Build configuration list for PBXProject "MileTracker" */;
			compatibilityVersion = "Xcode 3.2";
			developmentRegion = English;
			hasScannedForEncodings = 0;
			knownRegions = (
				en,
				Base,
			);
			mainGroup = 47E0ABE81932B2EA0070A4BA;
			productRefGroup = 47E0ABF21932B2EA0070A4BA /* Products */;
			projectDirPath = "";
			projectRoot = "";
			targets = (
				47E0ABF01932B2EA0070A4BA /* MileTracker */,
				47E0AC111932B2EA0070A4BA /* MileTrackerTests */,
			);
		};
/* End PBXProject section */

/* Begin PBXResourcesBuildPhase section */
		47E0ABEF1932B2EA0070A4BA /* Resources */ = {
			isa = PBXResourcesBuildPhase;
			buildActionMask = 2147483647;
			files = (
				47E0AC0D1932B2EA0070A4BA /* Images.xcassets in Resources */,
				47E0ABFF1932B2EA0070A4BA /* InfoPlist.strings in Resources */,
				47E0AC081932B2EA0070A4BA /* Main.storyboard in Resources */,
			);
			runOnlyForDeploymentPostprocessing = 0;
		};
		47E0AC101932B2EA0070A4BA /* Resources */ = {
			isa = PBXResourcesBuildPhase;
			buildActionMask = 2147483647;
			files = (
				47E0AC1E1932B2EA0070A4BA /* InfoPlist.strings in Resources */,
			);
			runOnlyForDeploymentPostprocessing = 0;
		};
/* End PBXResourcesBuildPhase section */

/* Begin PBXSourcesBuildPhase section */
		47E0ABED1932B2EA0070A4BA /* Sources */ = {
			isa = PBXSourcesBuildPhase;
			buildActionMask = 2147483647;
			files = (
				47F50F38193C17F000718494 /* PropertyController.m in Sources */,
				47E0AC0B1932B2EA0070A4BA /* ViewController.m in Sources */,
				47E0AC051932B2EA0070A4BA /* AppDelegate.m in Sources */,
				47E0AC2C1932B8E80070A4BA /* Property.m in Sources */,
				47E0AC011932B2EA0070A4BA /* main.m in Sources */,
				474EF4C519343833001F5146 /* PropertyDtlViewController.m in Sources */,
				47E0AC301932BB230070A4BA /* PropertySvcCache.m in Sources */,
			);
			runOnlyForDeploymentPostprocessing = 0;
		};
		47E0AC0E1932B2EA0070A4BA /* Sources */ = {
			isa = PBXSourcesBuildPhase;
			buildActionMask = 2147483647;
			files = (
				47E0AC201932B2EA0070A4BA /* MileTrackerTests.m in Sources */,
			);
			runOnlyForDeploymentPostprocessing = 0;
		};
/* End PBXSourcesBuildPhase section */

/* Begin PBXTargetDependency section */
		47E0AC181932B2EA0070A4BA /* PBXTargetDependency */ = {
			isa = PBXTargetDependency;
			target = 47E0ABF01932B2EA0070A4BA /* MileTracker */;
			targetProxy = 47E0AC171932B2EA0070A4BA /* PBXContainerItemProxy */;
		};
/* End PBXTargetDependency section */

/* Begin PBXVariantGroup section */
		47E0ABFD1932B2EA0070A4BA /* InfoPlist.strings */ = {
			isa = PBXVariantGroup;
			children = (
				47E0ABFE1932B2EA0070A4BA /* en */,
			);
			name = InfoPlist.strings;
			sourceTree = "<group>";
		};
		47E0AC061932B2EA0070A4BA /* Main.storyboard */ = {
			isa = PBXVariantGroup;
			children = (
				47E0AC071932B2EA0070A4BA /* Base */,
			);
			name = Main.storyboard;
			sourceTree = "<group>";
		};
		47E0AC1C1932B2EA0070A4BA /* InfoPlist.strings */ = {
			isa = PBXVariantGroup;
			children = (
				47E0AC1D1932B2EA0070A4BA /* en */,
			);
			name = InfoPlist.strings;
			sourceTree = "<group>";
		};
/* End PBXVariantGroup section */

/* Begin XCBuildConfiguration section */
		47E0AC211932B2EA0070A4BA /* Debug */ = {
			isa = XCBuildConfiguration;
			buildSettings = {
				ALWAYS_SEARCH_USER_PATHS = NO;
				CLANG_CXX_LANGUAGE_STANDARD = "gnu++0x";
				CLANG_CXX_LIBRARY = "libc++";
				CLANG_ENABLE_MODULES = YES;
				CLANG_ENABLE_OBJC_ARC = YES;
				CLANG_WARN_BOOL_CONVERSION = YES;
				CLANG_WARN_CONSTANT_CONVERSION = YES;
				CLANG_WARN_DIRECT_OBJC_ISA_USAGE = YES_ERROR;
				CLANG_WARN_EMPTY_BODY = YES;
				CLANG_WARN_ENUM_CONVERSION = YES;
				CLANG_WARN_INT_CONVERSION = YES;
				CLANG_WARN_OBJC_ROOT_CLASS = YES_ERROR;
				CLANG_WARN__DUPLICATE_METHOD_MATCH = YES;
				"CODE_SIGN_IDENTITY[sdk=iphoneos*]" = "iPhone Developer";
				COPY_PHASE_STRIP = NO;
				GCC_C_LANGUAGE_STANDARD = gnu99;
				GCC_DYNAMIC_NO_PIC = NO;
				GCC_OPTIMIZATION_LEVEL = 0;
				GCC_PREPROCESSOR_DEFINITIONS = (
					"DEBUG=1",
					"$(inherited)",
				);
				GCC_SYMBOLS_PRIVATE_EXTERN = NO;
				GCC_WARN_64_TO_32_BIT_CONVERSION = YES;
				GCC_WARN_ABOUT_RETURN_TYPE = YES_ERROR;
				GCC_WARN_UNDECLARED_SELECTOR = YES;
				GCC_WARN_UNINITIALIZED_AUTOS = YES_AGGRESSIVE;
				GCC_WARN_UNUSED_FUNCTION = YES;
				GCC_WARN_UNUSED_VARIABLE = YES;
				IPHONEOS_DEPLOYMENT_TARGET = 7.1;
				ONLY_ACTIVE_ARCH = YES;
				SDKROOT = iphoneos;
			};
			name = Debug;
		};
		47E0AC221932B2EA0070A4BA /* Release */ = {
			isa = XCBuildConfiguration;
			buildSettings = {
				ALWAYS_SEARCH_USER_PATHS = NO;
				CLANG_CXX_LANGUAGE_STANDARD = "gnu++0x";
				CLANG_CXX_LIBRARY = "libc++";
				CLANG_ENABLE_MODULES = YES;
				CLANG_ENABLE_OBJC_ARC = YES;
				CLANG_WARN_BOOL_CONVERSION = YES;
				CLANG_WARN_CONSTANT_CONVERSION = YES;
				CLANG_WARN_DIRECT_OBJC_ISA_USAGE = YES_ERROR;
				CLANG_WARN_EMPTY_BODY = YES;
				CLANG_WARN_ENUM_CONVERSION = YES;
				CLANG_WARN_INT_CONVERSION = YES;
				CLANG_WARN_OBJC_ROOT_CLASS = YES_ERROR;
				CLANG_WARN__DUPLICATE_METHOD_MATCH = YES;
				"CODE_SIGN_IDENTITY[sdk=iphoneos*]" = "iPhone Developer";
				COPY_PHASE_STRIP = YES;
				ENABLE_NS_ASSERTIONS = NO;
				GCC_C_LANGUAGE_STANDARD = gnu99;
				GCC_WARN_64_TO_32_BIT_CONVERSION = YES;
				GCC_WARN_ABOUT_RETURN_TYPE = YES_ERROR;
				GCC_WARN_UNDECLARED_SELECTOR = YES;
				GCC_WARN_UNINITIALIZED_AUTOS = YES_AGGRESSIVE;
				GCC_WARN_UNUSED_FUNCTION = YES;
				GCC_WARN_UNUSED_VARIABLE = YES;
				IPHONEOS_DEPLOYMENT_TARGET = 7.1;
				SDKROOT = iphoneos;
				VALIDATE_PRODUCT = YES;
			};
			name = Release;
		};
		47E0AC241932B2EA0070A4BA /* Debug */ = {
			isa = XCBuildConfiguration;
			buildSettings = {
				ASSETCATALOG_COMPILER_APPICON_NAME = AppIcon;
				ASSETCATALOG_COMPILER_LAUNCHIMAGE_NAME = LaunchImage;
				GCC_PRECOMPILE_PREFIX_HEADER = YES;
				GCC_PREFIX_HEADER = "MileTracker/MileTracker-Prefix.pch";
				INFOPLIST_FILE = "MileTracker/MileTracker-Info.plist";
				PRODUCT_NAME = "$(TARGET_NAME)";
				WRAPPER_EXTENSION = app;
			};
			name = Debug;
		};
		47E0AC251932B2EA0070A4BA /* Release */ = {
			isa = XCBuildConfiguration;
			buildSettings = {
				ASSETCATALOG_COMPILER_APPICON_NAME = AppIcon;
				ASSETCATALOG_COMPILER_LAUNCHIMAGE_NAME = LaunchImage;
				GCC_PRECOMPILE_PREFIX_HEADER = YES;
				GCC_PREFIX_HEADER = "MileTracker/MileTracker-Prefix.pch";
				INFOPLIST_FILE = "MileTracker/MileTracker-Info.plist";
				PRODUCT_NAME = "$(TARGET_NAME)";
				WRAPPER_EXTENSION = app;
			};
			name = Release;
		};
		47E0AC271932B2EA0070A4BA /* Debug */ = {
			isa = XCBuildConfiguration;
			buildSettings = {
				BUNDLE_LOADER = "$(BUILT_PRODUCTS_DIR)/MileTracker.app/MileTracker";
				FRAMEWORK_SEARCH_PATHS = (
					"$(SDKROOT)/Developer/Library/Frameworks",
					"$(inherited)",
					"$(DEVELOPER_FRAMEWORKS_DIR)",
				);
				GCC_PRECOMPILE_PREFIX_HEADER = YES;
				GCC_PREFIX_HEADER = "MileTracker/MileTracker-Prefix.pch";
				GCC_PREPROCESSOR_DEFINITIONS = (
					"DEBUG=1",
					"$(inherited)",
				);
				INFOPLIST_FILE = "MileTrackerTests/MileTrackerTests-Info.plist";
				PRODUCT_NAME = "$(TARGET_NAME)";
				TEST_HOST = "$(BUNDLE_LOADER)";
				WRAPPER_EXTENSION = xctest;
			};
			name = Debug;
		};
		47E0AC281932B2EA0070A4BA /* Release */ = {
			isa = XCBuildConfiguration;
			buildSettings = {
				BUNDLE_LOADER = "$(BUILT_PRODUCTS_DIR)/MileTracker.app/MileTracker";
				FRAMEWORK_SEARCH_PATHS = (
					"$(SDKROOT)/Developer/Library/Frameworks",
					"$(inherited)",
					"$(DEVELOPER_FRAMEWORKS_DIR)",
				);
				GCC_PRECOMPILE_PREFIX_HEADER = YES;
				GCC_PREFIX_HEADER = "MileTracker/MileTracker-Prefix.pch";
				INFOPLIST_FILE = "MileTrackerTests/MileTrackerTests-Info.plist";
				PRODUCT_NAME = "$(TARGET_NAME)";
				TEST_HOST = "$(BUNDLE_LOADER)";
				WRAPPER_EXTENSION = xctest;
			};
			name = Release;
		};
/* End XCBuildConfiguration section */

/* Begin XCConfigurationList section */
		47E0ABEC1932B2EA0070A4BA /* Build configuration list for PBXProject "MileTracker" */ = {
			isa = XCConfigurationList;
			buildConfigurations = (
				47E0AC211932B2EA0070A4BA /* Debug */,
				47E0AC221932B2EA0070A4BA /* Release */,
			);
			defaultConfigurationIsVisible = 0;
			defaultConfigurationName = Release;
		};
		47E0AC231932B2EA0070A4BA /* Build configuration list for PBXNativeTarget "MileTracker" */ = {
			isa = XCConfigurationList;
			buildConfigurations = (
				47E0AC241932B2EA0070A4BA /* Debug */,
				47E0AC251932B2EA0070A4BA /* Release */,
			);
			defaultConfigurationIsVisible = 0;
			defaultConfigurationName = Release;
		};
		47E0AC261932B2EA0070A4BA /* Build configuration list for PBXNativeTarget "MileTrackerTests" */ = {
			isa = XCConfigurationList;
			buildConfigurations = (
				47E0AC271932B2EA0070A4BA /* Debug */,
				47E0AC281932B2EA0070A4BA /* Release */,
			);
			defaultConfigurationIsVisible = 0;
			defaultConfigurationName = Release;
		};
/* End XCConfigurationList section */
	};
	rootObject = 47E0ABE91932B2EA0070A4BA /* Project object */;
}
